dependencies:
- name: bookstore
  repository: file://charts/bookstore
  version: 0.1.0
- name: reader
  repository: file://charts/reader
  version: 0.1.0
- name: chatbot
  repository: file://charts/chatbot
  version: 0.1.0
- name: ingress-nginx
  repository: https://kubernetes.github.io/ingress-nginx
  version: 4.12.1
digest: sha256:c501625fc524ba1596eab86b2166271957ec7ca2dbebf430cb7d9c6ede6d18df
generated: "2026-02-19T13:57:31.203268-05:00"
